// !$*UTF8*$!
{
	archiveVersion = 1;
	classes = {
	};
	objectVersion = 48;
	objects = {

/* Begin PBXBuildFile section */
		201038A81FEB209400B75288 /* stb_image.cpp in Sources */ = {isa = PBXBuildFile; fileRef = 201038A61FEB209400B75288 /* stb_image.cpp */; };
		2038C89E1FE32A4000CD3710 /* shaders in CopyFiles */ = {isa = PBXBuildFile; fileRef = 2038C89D1FE32A3F00CD3710 /* shaders */; };
		20ABDF7F1FDC9B4A00791ABE /* main.cpp in Sources */ = {isa = PBXBuildFile; fileRef = 20ABDF7E1FDC9AF700791ABE /* main.cpp */; };
		36712B83CBC097FC07191117 /* Shader.cpp in Sources */ = {isa = PBXBuildFile; fileRef = 36712BA416FFEE40A5DA429C /* Shader.cpp */; };
		C7A543031FDC2A0F0085F4E4 /* libglfw.3.2.dylib in Frameworks */ = {isa = PBXBuildFile; fileRef = C7A543021FDC2A0F0085F4E4 /* libglfw.3.2.dylib */; };
		C7A543301FDC33E70085F4E4 /* glad.c in Sources */ = {isa = PBXBuildFile; fileRef = C7A543181FDC33D20085F4E4 /* glad.c */; };
/* End PBXBuildFile section */

/* Begin PBXCopyFilesBuildPhase section */
		2049E9A71FE09392001FA699 /* CopyFiles */ = {
			isa = PBXCopyFilesBuildPhase;
			buildActionMask = 2147483647;
			dstPath = "";
			dstSubfolderSpec = 16;
			files = (
				2038C89E1FE32A4000CD3710 /* shaders in CopyFiles */,
			);
			runOnlyForDeploymentPostprocessing = 0;
		};
		C7633A691FDC0A43000F7EAE /* CopyFiles */ = {
			isa = PBXCopyFilesBuildPhase;
			buildActionMask = 2147483647;
			dstPath = /usr/share/man/man1/;
			dstSubfolderSpec = 0;
			files = (
			);
			runOnlyForDeploymentPostprocessing = 1;
		};
/* End PBXCopyFilesBuildPhase section */

/* Begin PBXFileReference section */
		201038A61FEB209400B75288 /* stb_image.cpp */ = {isa = PBXFileReference; fileEncoding = 4; lastKnownFileType = sourcecode.cpp.cpp; path = stb_image.cpp; sourceTree = "<group>"; };
		201038A71FEB209400B75288 /* stb_image.h */ = {isa = PBXFileReference; fileEncoding = 4; lastKnownFileType = sourcecode.c.h; path = stb_image.h; sourceTree = "<group>"; };
		2038C89D1FE32A3F00CD3710 /* shaders */ = {isa = PBXFileReference; lastKnownFileType = folder; path = shaders; sourceTree = "<group>"; };
		20ABDF7E1FDC9AF700791ABE /* main.cpp */ = {isa = PBXFileReference; lastKnownFileType = sourcecode.cpp.cpp; path = main.cpp; sourceTree = "<group>"; };
		36712A902B4449173206140B /* Shader.h */ = {isa = PBXFileReference; fileEncoding = 4; lastKnownFileType = sourcecode.c.h; path = Shader.h; sourceTree = "<group>"; };
		36712BA416FFEE40A5DA429C /* Shader.cpp */ = {isa = PBXFileReference; fileEncoding = 4; lastKnownFileType = sourcecode.cpp.cpp; path = Shader.cpp; sourceTree = "<group>"; };
		C7633A6B1FDC0A43000F7EAE /* opengl_test_proj */ = {isa = PBXFileReference; explicitFileType = "compiled.mach-o.executable"; includeInIndex = 0; path = opengl_test_proj; sourceTree = BUILT_PRODUCTS_DIR; };
		C7A543021FDC2A0F0085F4E4 /* libglfw.3.2.dylib */ = {isa = PBXFileReference; lastKnownFileType = "compiled.mach-o.dylib"; name = libglfw.3.2.dylib; path = libs/glfw/3.2.1/lib/libglfw.3.2.dylib; sourceTree = "<group>"; };
		C7A543141FDC33D20085F4E4 /* glad.h */ = {isa = PBXFileReference; lastKnownFileType = sourcecode.c.h; path = glad.h; sourceTree = "<group>"; };
		C7A543161FDC33D20085F4E4 /* khrplatform.h */ = {isa = PBXFileReference; lastKnownFileType = sourcecode.c.h; path = khrplatform.h; sourceTree = "<group>"; };
		C7A543181FDC33D20085F4E4 /* glad.c */ = {isa = PBXFileReference; lastKnownFileType = sourcecode.c.c; path = glad.c; sourceTree = "<group>"; };
		C7A5431C1FDC33D20085F4E4 /* glfw.rb */ = {isa = PBXFileReference; lastKnownFileType = text.script.ruby; path = glfw.rb; sourceTree = "<group>"; };
		C7A5431D1FDC33D20085F4E4 /* COPYING.txt */ = {isa = PBXFileReference; lastKnownFileType = text; path = COPYING.txt; sourceTree = "<group>"; };
		C7A543201FDC33D20085F4E4 /* glfw3.h */ = {isa = PBXFileReference; lastKnownFileType = sourcecode.c.h; path = glfw3.h; sourceTree = "<group>"; };
		C7A543211FDC33D20085F4E4 /* glfw3native.h */ = {isa = PBXFileReference; lastKnownFileType = sourcecode.c.h; path = glfw3native.h; sourceTree = "<group>"; };
		C7A543221FDC33D20085F4E4 /* INSTALL_RECEIPT.json */ = {isa = PBXFileReference; lastKnownFileType = text.json; path = INSTALL_RECEIPT.json; sourceTree = "<group>"; };
		C7A543261FDC33D20085F4E4 /* glfw3Config.cmake */ = {isa = PBXFileReference; lastKnownFileType = text; path = glfw3Config.cmake; sourceTree = "<group>"; };
		C7A543271FDC33D20085F4E4 /* glfw3ConfigVersion.cmake */ = {isa = PBXFileReference; lastKnownFileType = text; path = glfw3ConfigVersion.cmake; sourceTree = "<group>"; };
		C7A543281FDC33D20085F4E4 /* glfw3Targets-release.cmake */ = {isa = PBXFileReference; lastKnownFileType = text; path = "glfw3Targets-release.cmake"; sourceTree = "<group>"; };
		C7A543291FDC33D20085F4E4 /* glfw3Targets.cmake */ = {isa = PBXFileReference; lastKnownFileType = text; path = glfw3Targets.cmake; sourceTree = "<group>"; };
		C7A5432A1FDC33D20085F4E4 /* libglfw.3.2.dylib */ = {isa = PBXFileReference; lastKnownFileType = "compiled.mach-o.dylib"; path = libglfw.3.2.dylib; sourceTree = "<group>"; };
		C7A5432B1FDC33D20085F4E4 /* libglfw.3.dylib */ = {isa = PBXFileReference; lastKnownFileType = "compiled.mach-o.dylib"; path = libglfw.3.dylib; sourceTree = "<group>"; };
		C7A5432C1FDC33D20085F4E4 /* libglfw.dylib */ = {isa = PBXFileReference; lastKnownFileType = "compiled.mach-o.dylib"; path = libglfw.dylib; sourceTree = "<group>"; };
		C7A5432E1FDC33D20085F4E4 /* glfw3.pc */ = {isa = PBXFileReference; lastKnownFileType = text; path = glfw3.pc; sourceTree = "<group>"; };
		C7A5432F1FDC33D20085F4E4 /* README.md */ = {isa = PBXFileReference; lastKnownFileType = net.daringfireball.markdown; path = README.md; sourceTree = "<group>"; };
/* End PBXFileReference section */

/* Begin PBXFrameworksBuildPhase section */
		C7633A681FDC0A43000F7EAE /* Frameworks */ = {
			isa = PBXFrameworksBuildPhase;
			buildActionMask = 2147483647;
			files = (
				C7A543031FDC2A0F0085F4E4 /* libglfw.3.2.dylib in Frameworks */,
			);
			runOnlyForDeploymentPostprocessing = 0;
		};
/* End PBXFrameworksBuildPhase section */

/* Begin PBXGroup section */
		201038A51FEB209400B75288 /* stb_lib */ = {
			isa = PBXGroup;
			children = (
				201038A61FEB209400B75288 /* stb_image.cpp */,
				201038A71FEB209400B75288 /* stb_image.h */,
			);
			path = stb_lib;
			sourceTree = "<group>";
		};
		20ABDF7D1FDC9AF700791ABE /* sources */ = {
			isa = PBXGroup;
			children = (
				20ABDF7E1FDC9AF700791ABE /* main.cpp */,
				36712A902B4449173206140B /* Shader.h */,
				36712BA416FFEE40A5DA429C /* Shader.cpp */,
			);
			path = sources;
			sourceTree = "<group>";
		};
		C7633A621FDC0A43000F7EAE = {
			isa = PBXGroup;
			children = (
				2038C89D1FE32A3F00CD3710 /* shaders */,
				20ABDF7D1FDC9AF700791ABE /* sources */,
				C7A543101FDC33D20085F4E4 /* libs */,
				C7633A6C1FDC0A43000F7EAE /* Products */,
				C7A543001FDC295F0085F4E4 /* Frameworks */,
			);
			sourceTree = "<group>";
		};
		C7633A6C1FDC0A43000F7EAE /* Products */ = {
			isa = PBXGroup;
			children = (
				C7633A6B1FDC0A43000F7EAE /* opengl_test_proj */,
			);
			name = Products;
			sourceTree = "<group>";
		};
		C7A543001FDC295F0085F4E4 /* Frameworks */ = {
			isa = PBXGroup;
			children = (
				C7A543021FDC2A0F0085F4E4 /* libglfw.3.2.dylib */,
			);
			name = Frameworks;
			sourceTree = "<group>";
		};
		C7A543101FDC33D20085F4E4 /* libs */ = {
			isa = PBXGroup;
			children = (
				201038A51FEB209400B75288 /* stb_lib */,
				C7A543111FDC33D20085F4E4 /* glad */,
				C7A543191FDC33D20085F4E4 /* glfw */,
			);
			path = libs;
			sourceTree = "<group>";
		};
		C7A543111FDC33D20085F4E4 /* glad */ = {
			isa = PBXGroup;
			children = (
				C7A543121FDC33D20085F4E4 /* include */,
				C7A543171FDC33D20085F4E4 /* src */,
			);
			path = glad;
			sourceTree = "<group>";
		};
		C7A543121FDC33D20085F4E4 /* include */ = {
			isa = PBXGroup;
			children = (
				C7A543131FDC33D20085F4E4 /* glad */,
				C7A543151FDC33D20085F4E4 /* KHR */,
			);
			path = include;
			sourceTree = "<group>";
		};
		C7A543131FDC33D20085F4E4 /* glad */ = {
			isa = PBXGroup;
			children = (
				C7A543141FDC33D20085F4E4 /* glad.h */,
			);
			path = glad;
			sourceTree = "<group>";
		};
		C7A543151FDC33D20085F4E4 /* KHR */ = {
			isa = PBXGroup;
			children = (
				C7A543161FDC33D20085F4E4 /* khrplatform.h */,
			);
			path = KHR;
			sourceTree = "<group>";
		};
		C7A543171FDC33D20085F4E4 /* src */ = {
			isa = PBXGroup;
			children = (
				C7A543181FDC33D20085F4E4 /* glad.c */,
			);
			path = src;
			sourceTree = "<group>";
		};
		C7A543191FDC33D20085F4E4 /* glfw */ = {
			isa = PBXGroup;
			children = (
				C7A5431A1FDC33D20085F4E4 /* 3.2.1 */,
			);
			path = glfw;
			sourceTree = "<group>";
		};
		C7A5431A1FDC33D20085F4E4 /* 3.2.1 */ = {
			isa = PBXGroup;
			children = (
				C7A5431B1FDC33D20085F4E4 /* .brew */,
				C7A5431D1FDC33D20085F4E4 /* COPYING.txt */,
				C7A5431E1FDC33D20085F4E4 /* include */,
				C7A543221FDC33D20085F4E4 /* INSTALL_RECEIPT.json */,
				C7A543231FDC33D20085F4E4 /* lib */,
				C7A5432F1FDC33D20085F4E4 /* README.md */,
			);
			path = 3.2.1;
			sourceTree = "<group>";
		};
		C7A5431B1FDC33D20085F4E4 /* .brew */ = {
			isa = PBXGroup;
			children = (
				C7A5431C1FDC33D20085F4E4 /* glfw.rb */,
			);
			path = .brew;
			sourceTree = "<group>";
		};
		C7A5431E1FDC33D20085F4E4 /* include */ = {
			isa = PBXGroup;
			children = (
				C7A5431F1FDC33D20085F4E4 /* GLFW */,
			);
			path = include;
			sourceTree = "<group>";
		};
		C7A5431F1FDC33D20085F4E4 /* GLFW */ = {
			isa = PBXGroup;
			children = (
				C7A543201FDC33D20085F4E4 /* glfw3.h */,
				C7A543211FDC33D20085F4E4 /* glfw3native.h */,
			);
			path = GLFW;
			sourceTree = "<group>";
		};
		C7A543231FDC33D20085F4E4 /* lib */ = {
			isa = PBXGroup;
			children = (
				C7A543241FDC33D20085F4E4 /* cmake */,
				C7A5432A1FDC33D20085F4E4 /* libglfw.3.2.dylib */,
				C7A5432B1FDC33D20085F4E4 /* libglfw.3.dylib */,
				C7A5432C1FDC33D20085F4E4 /* libglfw.dylib */,
				C7A5432D1FDC33D20085F4E4 /* pkgconfig */,
			);
			path = lib;
			sourceTree = "<group>";
		};
		C7A543241FDC33D20085F4E4 /* cmake */ = {
			isa = PBXGroup;
			children = (
				C7A543251FDC33D20085F4E4 /* glfw3 */,
			);
			path = cmake;
			sourceTree = "<group>";
		};
		C7A543251FDC33D20085F4E4 /* glfw3 */ = {
			isa = PBXGroup;
			children = (
				C7A543261FDC33D20085F4E4 /* glfw3Config.cmake */,
				C7A543271FDC33D20085F4E4 /* glfw3ConfigVersion.cmake */,
				C7A543281FDC33D20085F4E4 /* glfw3Targets-release.cmake */,
				C7A543291FDC33D20085F4E4 /* glfw3Targets.cmake */,
			);
			path = glfw3;
			sourceTree = "<group>";
		};
		C7A5432D1FDC33D20085F4E4 /* pkgconfig */ = {
			isa = PBXGroup;
			children = (
				C7A5432E1FDC33D20085F4E4 /* glfw3.pc */,
			);
			path = pkgconfig;
			sourceTree = "<group>";
		};
/* End PBXGroup section */

/* Begin PBXNativeTarget section */
		C7633A6A1FDC0A43000F7EAE /* opengl_test_proj */ = {
			isa = PBXNativeTarget;
			buildConfigurationList = C7633A721FDC0A43000F7EAE /* Build configuration list for PBXNativeTarget "opengl_test_proj" */;
			buildPhases = (
				C7633A671FDC0A43000F7EAE /* Sources */,
				C7633A681FDC0A43000F7EAE /* Frameworks */,
				C7633A691FDC0A43000F7EAE /* CopyFiles */,
				2049E9A71FE09392001FA699 /* CopyFiles */,
			);
			buildRules = (
			);
			dependencies = (
			);
			name = opengl_test_proj;
			productName = opengl_test_proj;
			productReference = C7633A6B1FDC0A43000F7EAE /* opengl_test_proj */;
			productType = "com.apple.product-type.tool";
		};
/* End PBXNativeTarget section */

/* Begin PBXProject section */
		C7633A631FDC0A43000F7EAE /* Project object */ = {
			isa = PBXProject;
			attributes = {
				LastUpgradeCheck = 0900;
				ORGANIZATIONNAME = TQOS;
				TargetAttributes = {
					C7633A6A1FDC0A43000F7EAE = {
						CreatedOnToolsVersion = 9.0.1;
						ProvisioningStyle = Automatic;
					};
				};
			};
			buildConfigurationList = C7633A661FDC0A43000F7EAE /* Build configuration list for PBXProject "opengl_test_proj" */;
			compatibilityVersion = "Xcode 8.0";
			developmentRegion = en;
			hasScannedForEncodings = 0;
			knownRegions = (
				en,
			);
			mainGroup = C7633A621FDC0A43000F7EAE;
			productRefGroup = C7633A6C1FDC0A43000F7EAE /* Products */;
			projectDirPath = "";
			projectRoot = "";
			targets = (
				C7633A6A1FDC0A43000F7EAE /* opengl_test_proj */,
			);
		};
/* End PBXProject section */

/* Begin PBXSourcesBuildPhase section */
		C7633A671FDC0A43000F7EAE /* Sources */ = {
			isa = PBXSourcesBuildPhase;
			buildActionMask = 2147483647;
			files = (
				20ABDF7F1FDC9B4A00791ABE /* main.cpp in Sources */,
				201038A81FEB209400B75288 /* stb_image.cpp in Sources */,
				C7A543301FDC33E70085F4E4 /* glad.c in Sources */,
				36712B83CBC097FC07191117 /* Shader.cpp in Sources */,
			);
			runOnlyForDeploymentPostprocessing = 0;
		};
/* End PBXSourcesBuildPhase section */

/* Begin XCBuildConfiguration section */
		C7633A701FDC0A43000F7EAE /* Debug */ = {
			isa = XCBuildConfiguration;
			buildSettings = {
				ALWAYS_SEARCH_USER_PATHS = NO;
				CLANG_ANALYZER_NONNULL = YES;
				CLANG_ANALYZER_NUMBER_OBJECT_CONVERSION = YES_AGGRESSIVE;
				CLANG_CXX_LANGUAGE_STANDARD = "gnu++14";
				CLANG_CXX_LIBRARY = "libc++";
				CLANG_ENABLE_MODULES = YES;
				CLANG_ENABLE_OBJC_ARC = YES;
				CLANG_WARN_BLOCK_CAPTURE_AUTORELEASING = YES;
				CLANG_WARN_BOOL_CONVERSION = YES;
				CLANG_WARN_COMMA = YES;
				CLANG_WARN_CONSTANT_CONVERSION = YES;
				CLANG_WARN_DIRECT_OBJC_ISA_USAGE = YES_ERROR;
				CLANG_WARN_DOCUMENTATION_COMMENTS = YES;
				CLANG_WARN_EMPTY_BODY = YES;
				CLANG_WARN_ENUM_CONVERSION = YES;
				CLANG_WARN_INFINITE_RECURSION = YES;
				CLANG_WARN_INT_CONVERSION = YES;
				CLANG_WARN_NON_LITERAL_NULL_CONVERSION = YES;
				CLANG_WARN_OBJC_LITERAL_CONVERSION = YES;
				CLANG_WARN_OBJC_ROOT_CLASS = YES_ERROR;
				CLANG_WARN_RANGE_LOOP_ANALYSIS = YES;
				CLANG_WARN_STRICT_PROTOTYPES = YES;
				CLANG_WARN_SUSPICIOUS_MOVE = YES;
				CLANG_WARN_UNGUARDED_AVAILABILITY = YES_AGGRESSIVE;
				CLANG_WARN_UNREACHABLE_CODE = YES;
				CLANG_WARN__DUPLICATE_METHOD_MATCH = YES;
				CODE_SIGN_IDENTITY = "Mac Developer";
				COPY_PHASE_STRIP = NO;
				DEBUG_INFORMATION_FORMAT = dwarf;
				ENABLE_STRICT_OBJC_MSGSEND = YES;
				ENABLE_TESTABILITY = YES;
				GCC_C_LANGUAGE_STANDARD = gnu11;
				GCC_DYNAMIC_NO_PIC = NO;
				GCC_NO_COMMON_BLOCKS = YES;
				GCC_OPTIMIZATION_LEVEL = 0;
				GCC_PREPROCESSOR_DEFINITIONS = (
					"DEBUG=1",
					"$(inherited)",
				);
				GCC_WARN_64_TO_32_BIT_CONVERSION = YES;
				GCC_WARN_ABOUT_RETURN_TYPE = YES_ERROR;
				GCC_WARN_UNDECLARED_SELECTOR = YES;
				GCC_WARN_UNINITIALIZED_AUTOS = YES_AGGRESSIVE;
				GCC_WARN_UNUSED_FUNCTION = YES;
				GCC_WARN_UNUSED_VARIABLE = YES;
				MACOSX_DEPLOYMENT_TARGET = 10.12;
				MTL_ENABLE_DEBUG_INFO = YES;
				ONLY_ACTIVE_ARCH = YES;
				SDKROOT = macosx;
			};
			name = Debug;
		};
		C7633A711FDC0A43000F7EAE /* Release */ = {
			isa = XCBuildConfiguration;
			buildSettings = {
				ALWAYS_SEARCH_USER_PATHS = NO;
				CLANG_ANALYZER_NONNULL = YES;
				CLANG_ANALYZER_NUMBER_OBJECT_CONVERSION = YES_AGGRESSIVE;
				CLANG_CXX_LANGUAGE_STANDARD = "gnu++14";
				CLANG_CXX_LIBRARY = "libc++";
				CLANG_ENABLE_MODULES = YES;
				CLANG_ENABLE_OBJC_ARC = YES;
				CLANG_WARN_BLOCK_CAPTURE_AUTORELEASING = YES;
				CLANG_WARN_BOOL_CONVERSION = YES;
				CLANG_WARN_COMMA = YES;
				CLANG_WARN_CONSTANT_CONVERSION = YES;
				CLANG_WARN_DIRECT_OBJC_ISA_USAGE = YES_ERROR;
				CLANG_WARN_DOCUMENTATION_COMMENTS = YES;
				CLANG_WARN_EMPTY_BODY = YES;
				CLANG_WARN_ENUM_CONVERSION = YES;
				CLANG_WARN_INFINITE_RECURSION = YES;
				CLANG_WARN_INT_CONVERSION = YES;
				CLANG_WARN_NON_LITERAL_NULL_CONVERSION = YES;
				CLANG_WARN_OBJC_LITERAL_CONVERSION = YES;
				CLANG_WARN_OBJC_ROOT_CLASS = YES_ERROR;
				CLANG_WARN_RANGE_LOOP_ANALYSIS = YES;
				CLANG_WARN_STRICT_PROTOTYPES = YES;
				CLANG_WARN_SUSPICIOUS_MOVE = YES;
				CLANG_WARN_UNGUARDED_AVAILABILITY = YES_AGGRESSIVE;
				CLANG_WARN_UNREACHABLE_CODE = YES;
				CLANG_WARN__DUPLICATE_METHOD_MATCH = YES;
				CODE_SIGN_IDENTITY = "Mac Developer";
				COPY_PHASE_STRIP = NO;
				DEBUG_INFORMATION_FORMAT = "dwarf-with-dsym";
				ENABLE_NS_ASSERTIONS = NO;
				ENABLE_STRICT_OBJC_MSGSEND = YES;
				GCC_C_LANGUAGE_STANDARD = gnu11;
				GCC_NO_COMMON_BLOCKS = YES;
				GCC_WARN_64_TO_32_BIT_CONVERSION = YES;
				GCC_WARN_ABOUT_RETURN_TYPE = YES_ERROR;
				GCC_WARN_UNDECLARED_SELECTOR = YES;
				GCC_WARN_UNINITIALIZED_AUTOS = YES_AGGRESSIVE;
				GCC_WARN_UNUSED_FUNCTION = YES;
				GCC_WARN_UNUSED_VARIABLE = YES;
				MACOSX_DEPLOYMENT_TARGET = 10.12;
				MTL_ENABLE_DEBUG_INFO = NO;
				SDKROOT = macosx;
			};
			name = Release;
		};
		C7633A731FDC0A43000F7EAE /* Debug */ = {
			isa = XCBuildConfiguration;
			buildSettings = {
				ALWAYS_SEARCH_USER_PATHS = YES;
				CODE_SIGN_IDENTITY = "Mac Developer";
				CODE_SIGN_STYLE = Automatic;
				DEVELOPMENT_TEAM = RQ8948VJT6;
				LIBRARY_SEARCH_PATHS = (
					"$(inherited)",
					"$(PROJECT_DIR)/libs/glfw/3.2.1/lib",
				);
				PRODUCT_NAME = "$(TARGET_NAME)";
				PROVISIONING_PROFILE_SPECIFIER = "";
				"USER_HEADER_SEARCH_PATHS[arch=*]" = "$(PROJECT_DIR)/libs/glfw/3.2.1/include/** $(PROJECT_DIR)/libs/glad/include";
			};
			name = Debug;
		};
		C7633A741FDC0A43000F7EAE /* Release */ = {
			isa = XCBuildConfiguration;
			buildSettings = {
				ALWAYS_SEARCH_USER_PATHS = YES;
				CODE_SIGN_IDENTITY = "Mac Developer";
				CODE_SIGN_STYLE = Automatic;
				DEVELOPMENT_TEAM = RQ8948VJT6;
				LIBRARY_SEARCH_PATHS = (
					"$(inherited)",
					"$(PROJECT_DIR)/libs/glfw/3.2.1/lib",
				);
				PRODUCT_NAME = "$(TARGET_NAME)";
				PROVISIONING_PROFILE_SPECIFIER = "";
			};
			name = Release;
		};
/* End XCBuildConfiguration section */

/* Begin XCConfigurationList section */
		C7633A661FDC0A43000F7EAE /* Build configuration list for PBXProject "opengl_test_proj" */ = {
			isa = XCConfigurationList;
			buildConfigurations = (
				C7633A701FDC0A43000F7EAE /* Debug */,
				C7633A711FDC0A43000F7EAE /* Release */,
			);
			defaultConfigurationIsVisible = 0;
			defaultConfigurationName = Release;
		};
		C7633A721FDC0A43000F7EAE /* Build configuration list for PBXNativeTarget "opengl_test_proj" */ = {
			isa = XCConfigurationList;
			buildConfigurations = (
				C7633A731FDC0A43000F7EAE /* Debug */,
				C7633A741FDC0A43000F7EAE /* Release */,
			);
			defaultConfigurationIsVisible = 0;
			defaultConfigurationName = Release;
		};
/* End XCConfigurationList section */
	};
	rootObject = C7633A631FDC0A43000F7EAE /* Project object */;
}
